
Microsoft Visual Studio Solution File, Format Version 12.00
# Visual Studio 15
VisualStudioVersion = 15.0.27703.2042
MinimumVisualStudioVersion = 10.0.40219.1
Project("{FAE04EC0-301F-11D3-BF4B-00C04F79EFBC}") = "Customer Relationship Manager", "Customer Relationship Manager\Customer Relationship Manager.csproj", "{28282D41-C193-4B67-9E9B-36919DE5DA3B}"
EndProject
Global
	GlobalSection(SolutionConfigurationPlatforms) = preSolution
		Debug|Any CPU = Debug|Any CPU
		Release|Any CPU = Release|Any CPU
	EndGlobalSection
	GlobalSection(ProjectConfigurationPlatforms) = postSolution
		{28282D41-C193-4B67-9E9B-36919DE5DA3B}.Debug|Any CPU.ActiveCfg = Debug|Any CPU
		{28282D41-C193-4B67-9E9B-36919DE5DA3B}.Debug|Any CPU.Build.0 = Debug|Any CPU
		{28282D41-C193-4B67-9E9B-36919DE5DA3B}.Release|Any CPU.ActiveCfg = Release|Any CPU
		{28282D41-C193-4B67-9E9B-36919DE5DA3B}.Release|Any CPU.Build.0 = Release|Any CPU
	EndGlobalSection
	GlobalSection(SolutionProperties) = preSolution
		HideSolutionNode = FALSE
	EndGlobalSection
	GlobalSection(ExtensibilityGlobals) = postSolution
		SolutionGuid = {0C023851-9D67-4133-9934-81ABEA3B6D2D}
	EndGlobalSection
EndGlobal
